
Microsoft Visual Studio Solution File, Format Version 12.00
# Visual Studio Version 17
VisualStudioVersion = 17.8.34525.116
MinimumVisualStudioVersion = 10.0.40219.1
Project("{FAE04EC0-301F-11D3-BF4B-00C04F79EFBC}") = "Lab4 estructuras 2", "Lab4 estructuras 2.csproj", "{ACAFAE13-9F15-49C3-BDB2-535963E008B2}"
EndProject
Global
	GlobalSection(SolutionConfigurationPlatforms) = preSolution
		Debug|Any CPU = Debug|Any CPU
		Release|Any CPU = Release|Any CPU
	EndGlobalSection
	GlobalSection(ProjectConfigurationPlatforms) = postSolution
		{ACAFAE13-9F15-49C3-BDB2-535963E008B2}.Debug|Any CPU.ActiveCfg = Debug|Any CPU
		{ACAFAE13-9F15-49C3-BDB2-535963E008B2}.Debug|Any CPU.Build.0 = Debug|Any CPU
		{ACAFAE13-9F15-49C3-BDB2-535963E008B2}.Release|Any CPU.ActiveCfg = Release|Any CPU
		{ACAFAE13-9F15-49C3-BDB2-535963E008B2}.Release|Any CPU.Build.0 = Release|Any CPU
	EndGlobalSection
	GlobalSection(SolutionProperties) = preSolution
		HideSolutionNode = FALSE
	EndGlobalSection
	GlobalSection(ExtensibilityGlobals) = postSolution
		SolutionGuid = {1A059059-FA25-4444-B7D3-7CAE14535038}
	EndGlobalSection
EndGlobal
